{
    "_readme": [
        "This file locks the dependencies of your project to a known state",
        "Read more about it at http://getcomposer.org/doc/01-basic-usage.md#composer-lock-the-lock-file"
    ],
    "hash": "7e7941076e676855121431b321c3d2dc",
    "packages": [
        {
            "name": "opauth/google",
            "version": "dev-wip/1.0",
            "target-dir": "Opauth/Strategy/Google",
            "source": {
                "type": "git",
                "url": "https://github.com/opauth/google.git",
                "reference": "b273fcb5619bfc126fa0894e18afff405e692346"
            },
            "dist": {
                "type": "zip",
                "url": "https://api.github.com/repos/opauth/google/zipball/b273fcb5619bfc126fa0894e18afff405e692346",
                "reference": "b273fcb5619bfc126fa0894e18afff405e692346",
                "shasum": ""
            },
            "require": {
                "opauth/opauth": "dev-wip/1.0",
                "php": ">=5.3.0"
            },
            "type": "library",
            "autoload": {
                "psr-0": {
                    "Opauth\\Strategy\\Google": ""
                }
            },
            "notification-url": "https://packagist.org/downloads/",
            "license": [
                "MIT"
            ],
            "authors": [
                {
                    "name": "U-Zyn Chua",
                    "email": "chua@uzyn.com",
                    "homepage": "http://uzyn.com"
                },
                {
                    "name": "Ceeram",
                    "email": "c33ram@gmail.com"
                }
            ],
            "description": "Google strategy for Opauth",
            "homepage": "http://opauth.org",
            "keywords": [
                "Authentication",
                "auth",
                "google"
            ],
            "time": "2013-06-10 15:11:24"
        },
        {
            "name": "opauth/opauth",
            "version": "dev-wip/1.0",
            "source": {
                "type": "git",
                "url": "https://github.com/opauth/opauth.git",
                "reference": "1e0b722a6864da5f2cbba9ffe04f23bf1909228f"
            },
            "dist": {
                "type": "zip",
                "url": "https://api.github.com/repos/opauth/opauth/zipball/1e0b722a6864da5f2cbba9ffe04f23bf1909228f",
                "reference": "1e0b722a6864da5f2cbba9ffe04f23bf1909228f",
                "shasum": ""
            },
            "require": {
                "php": ">=5.3.0"
            },
            "suggest": {
                "opauth/facebook": "Allows Facebook authentication",
                "opauth/google": "Allows Google authentication",
                "opauth/twitter": "Allows Twitter authentication"
            },
            "type": "library",
            "autoload": {
                "psr-0": {
                    "Opauth": "lib/"
                }
            },
            "notification-url": "https://packagist.org/downloads/",
            "license": [
                "MIT"
            ],
            "authors": [
                {
                    "name": "U-Zyn Chua",
                    "email": "chua@uzyn.com",
                    "homepage": "http://uzyn.com"
                },
                {
                    "name": "Ceeram",
                    "email": "c33ram@gmail.com"
                }
            ],
            "description": "Multi-provider authentication framework for PHP",
            "homepage": "http://opauth.org",
            "keywords": [
                "Authentication",
                "OpenId",
                "auth",
                "facebook",
                "google",
                "oauth",
                "omniauth",
                "twitter"
            ],
            "time": "2013-09-15 18:25:44"
        }
    ],
    "packages-dev": [

    ],
    "aliases": [

    ],
    "minimum-stability": "stable",
    "stability-flags": {
        "opauth/opauth": 20,
        "opauth/google": 20
    },
    "platform": [

    ],
    "platform-dev": [

    ]
}
